
Microsoft Visual Studio Solution File, Format Version 12.00
# Visual Studio Version 17
VisualStudioVersion = 17.5.33414.496
MinimumVisualStudioVersion = 10.0.40219.1
Project("{FAE04EC0-301F-11D3-BF4B-00C04F79EFBC}") = "DIGITAL", "DIGITAL\DIGITAL.csproj", "{A966B3B8-0035-41CF-87A3-2A7D19732352}"
EndProject
Global
	GlobalSection(SolutionConfigurationPlatforms) = preSolution
		Debug|Any CPU = Debug|Any CPU
		Release|Any CPU = Release|Any CPU
	EndGlobalSection
	GlobalSection(ProjectConfigurationPlatforms) = postSolution
		{A966B3B8-0035-41CF-87A3-2A7D19732352}.Debug|Any CPU.ActiveCfg = Debug|Any CPU
		{A966B3B8-0035-41CF-87A3-2A7D19732352}.Debug|Any CPU.Build.0 = Debug|Any CPU
		{A966B3B8-0035-41CF-87A3-2A7D19732352}.Release|Any CPU.ActiveCfg = Release|Any CPU
		{A966B3B8-0035-41CF-87A3-2A7D19732352}.Release|Any CPU.Build.0 = Release|Any CPU
	EndGlobalSection
	GlobalSection(SolutionProperties) = preSolution
		HideSolutionNode = FALSE
	EndGlobalSection
	GlobalSection(ExtensibilityGlobals) = postSolution
		SolutionGuid = {55C066A8-FC23-4FAB-B6CA-08DC65704EAE}
	EndGlobalSection
EndGlobal
